<?xml version="1.0" encoding="utf-8"?>
<Project ToolsVersion="4.0" xmlns="http://schemas.microsoft.com/developer/msbuild/2003">
  <ItemGroup>
    <Filter Include="Bullshit">
      <UniqueIdentifier>{17eb55bf-e9d5-4dfb-979c-cfa2cfce1fde}</UniqueIdentifier>
    </Filter>
    <Filter Include="Units">
      <UniqueIdentifier>{f0651f06-8e72-4ab1-86d9-f93083013670}</UniqueIdentifier>
    </Filter>
    <Filter Include="Render">
      <UniqueIdentifier>{ad33a402-d9e0-4660-a6db-56759a1a9629}</UniqueIdentifier>
    </Filter>
    <Filter Include="Misc">
      <UniqueIdentifier>{d4611d3b-b442-4ea7-88c7-8c978e7f2680}</UniqueIdentifier>
    </Filter>
  </ItemGroup>
  <ItemGroup>
    <ClCompile Include="Bishop.cpp">
      <Filter>Units</Filter>
    </ClCompile>
    <ClCompile Include="Wolf.cpp">
      <Filter>Units</Filter>
    </ClCompile>
    <ClCompile Include="Warrior.cpp">
      <Filter>Units</Filter>
    </ClCompile>
    <ClCompile Include="RenderConsole.cpp">
      <Filter>Render</Filter>
    </ClCompile>
    <ClCompile Include="RenderWindow.cpp">
      <Filter>Render</Filter>
    </ClCompile>
    <ClCompile Include="Geometry.cpp">
      <Filter>Misc</Filter>
    </ClCompile>
    <ClCompile Include="Unit.cpp">
      <Filter>Units</Filter>
    </ClCompile>
    <ClCompile Include="Game.cpp" />
    <ClCompile Include="Source.cpp" />
    <ClCompile Include="Bar.cpp" />
  </ItemGroup>
  <ItemGroup>
    <ClInclude Include="Bullshit.cpp">
      <Filter>Bullshit</Filter>
    </ClInclude>
    <ClInclude Include="Wolf.h">
      <Filter>Units</Filter>
    </ClInclude>
    <ClInclude Include="Unit.h">
      <Filter>Units</Filter>
    </ClInclude>
    <ClInclude Include="Warrior.h">
      <Filter>Units</Filter>
    </ClInclude>
    <ClInclude Include="Bishop.h">
      <Filter>Units</Filter>
    </ClInclude>
    <ClInclude Include="RenderWindow.h">
      <Filter>Render</Filter>
    </ClInclude>
    <ClInclude Include="RenderConsole.h">
      <Filter>Render</Filter>
    </ClInclude>
    <ClInclude Include="Geometry.h">
      <Filter>Misc</Filter>
    </ClInclude>
    <ClInclude Include="Game.h" />
    <ClInclude Include="Bar.h" />
  </ItemGroup>
</Project>